
Microsoft Visual Studio Solution File, Format Version 12.00
# Visual Studio Version 16
VisualStudioVersion = 16.0.31515.178
MinimumVisualStudioVersion = 10.0.40219.1
Project("{FAE04EC0-301F-11D3-BF4B-00C04F79EFBC}") = "EISProject", "EISProject\EISProject.csproj", "{F07087BB-1B43-42A1-AC9C-C40084806F1F}"
EndProject
Project("{FAE04EC0-301F-11D3-BF4B-00C04F79EFBC}") = "EIS_BusinessLogic", "EIS_BusinessLogic\EIS_BusinessLogic.csproj", "{9ACD112C-32EC-41ED-9A80-99D3499A8367}"
EndProject
Global
	GlobalSection(SolutionConfigurationPlatforms) = preSolution
		Debug|Any CPU = Debug|Any CPU
		Release|Any CPU = Release|Any CPU
	EndGlobalSection
	GlobalSection(ProjectConfigurationPlatforms) = postSolution
		{F07087BB-1B43-42A1-AC9C-C40084806F1F}.Debug|Any CPU.ActiveCfg = Debug|Any CPU
		{F07087BB-1B43-42A1-AC9C-C40084806F1F}.Debug|Any CPU.Build.0 = Debug|Any CPU
		{F07087BB-1B43-42A1-AC9C-C40084806F1F}.Release|Any CPU.ActiveCfg = Release|Any CPU
		{F07087BB-1B43-42A1-AC9C-C40084806F1F}.Release|Any CPU.Build.0 = Release|Any CPU
		{9ACD112C-32EC-41ED-9A80-99D3499A8367}.Debug|Any CPU.ActiveCfg = Debug|Any CPU
		{9ACD112C-32EC-41ED-9A80-99D3499A8367}.Debug|Any CPU.Build.0 = Debug|Any CPU
		{9ACD112C-32EC-41ED-9A80-99D3499A8367}.Release|Any CPU.ActiveCfg = Release|Any CPU
		{9ACD112C-32EC-41ED-9A80-99D3499A8367}.Release|Any CPU.Build.0 = Release|Any CPU
	EndGlobalSection
	GlobalSection(SolutionProperties) = preSolution
		HideSolutionNode = FALSE
	EndGlobalSection
	GlobalSection(ExtensibilityGlobals) = postSolution
		SolutionGuid = {98C8A0C0-3110-441E-9A97-76CBAE9365A5}
	EndGlobalSection
EndGlobal
